
Microsoft Visual Studio Solution File, Format Version 12.00
# Visual Studio Version 17
VisualStudioVersion = 17.11.35208.52
MinimumVisualStudioVersion = 10.0.40219.1
Project("{FAE04EC0-301F-11D3-BF4B-00C04F79EFBC}") = "FitnessTracker.Server", "FitnessTracker.Server\FitnessTracker.Server.csproj", "{1622ECAF-7E07-46E5-9CEA-9A9E72E0CEB9}"
EndProject
Project("{54A90642-561A-4BB1-A94E-469ADEE60C69}") = "fitnesstracker.client", "fitnesstracker.client\fitnesstracker.client.esproj", "{BCF85CF2-71E6-4A33-800C-85811FA488E7}"
EndProject
Global
	GlobalSection(SolutionConfigurationPlatforms) = preSolution
		Debug|Any CPU = Debug|Any CPU
		Release|Any CPU = Release|Any CPU
	EndGlobalSection
	GlobalSection(ProjectConfigurationPlatforms) = postSolution
		{1622ECAF-7E07-46E5-9CEA-9A9E72E0CEB9}.Debug|Any CPU.ActiveCfg = Debug|Any CPU
		{1622ECAF-7E07-46E5-9CEA-9A9E72E0CEB9}.Debug|Any CPU.Build.0 = Debug|Any CPU
		{1622ECAF-7E07-46E5-9CEA-9A9E72E0CEB9}.Release|Any CPU.ActiveCfg = Release|Any CPU
		{1622ECAF-7E07-46E5-9CEA-9A9E72E0CEB9}.Release|Any CPU.Build.0 = Release|Any CPU
		{BCF85CF2-71E6-4A33-800C-85811FA488E7}.Debug|Any CPU.ActiveCfg = Debug|Any CPU
		{BCF85CF2-71E6-4A33-800C-85811FA488E7}.Debug|Any CPU.Build.0 = Debug|Any CPU
		{BCF85CF2-71E6-4A33-800C-85811FA488E7}.Debug|Any CPU.Deploy.0 = Debug|Any CPU
		{BCF85CF2-71E6-4A33-800C-85811FA488E7}.Release|Any CPU.ActiveCfg = Release|Any CPU
		{BCF85CF2-71E6-4A33-800C-85811FA488E7}.Release|Any CPU.Build.0 = Release|Any CPU
		{BCF85CF2-71E6-4A33-800C-85811FA488E7}.Release|Any CPU.Deploy.0 = Release|Any CPU
	EndGlobalSection
	GlobalSection(SolutionProperties) = preSolution
		HideSolutionNode = FALSE
	EndGlobalSection
	GlobalSection(ExtensibilityGlobals) = postSolution
		SolutionGuid = {F9AE5F70-58F7-479D-8C5C-0615A91981DC}
	EndGlobalSection
EndGlobal
